# generated by rye
# use `rye lock` or `rye sync` to update this lockfile
#
# last locked with the following flags:
#   pre: false
#   features: []
#   all-features: false
#   with-sources: false
#   generate-hashes: false
#   universal: false

-e file:.
certifi==2025.1.31
    # via requests
charset-normalizer==3.4.1
    # via requests
deprecated==1.2.18
    # via opentelemetry-api
    # via opentelemetry-exporter-otlp-proto-grpc
    # via opentelemetry-exporter-otlp-proto-http
    # via opentelemetry-semantic-conventions
googleapis-common-protos==1.68.0
    # via opentelemetry-exporter-otlp-proto-grpc
    # via opentelemetry-exporter-otlp-proto-http
grpcio==1.70.0
    # via opentelemetry-exporter-otlp-proto-grpc
idna==3.10
    # via requests
importlib-metadata==8.5.0
    # via opentelemetry-api
opentelemetry-api==1.30.0
    # via opentelemetry-exporter-otlp-proto-grpc
    # via opentelemetry-exporter-otlp-proto-http
    # via opentelemetry-instrumentation
    # via opentelemetry-instrumentation-requests
    # via opentelemetry-sdk
    # via opentelemetry-semantic-conventions
    # via todo-client
opentelemetry-exporter-otlp==1.30.0
    # via todo-client
opentelemetry-exporter-otlp-proto-common==1.30.0
    # via opentelemetry-exporter-otlp-proto-grpc
    # via opentelemetry-exporter-otlp-proto-http
opentelemetry-exporter-otlp-proto-grpc==1.30.0
    # via opentelemetry-exporter-otlp
opentelemetry-exporter-otlp-proto-http==1.30.0
    # via opentelemetry-exporter-otlp
opentelemetry-instrumentation==0.51b0
    # via opentelemetry-instrumentation-requests
opentelemetry-instrumentation-requests==0.51b0
    # via todo-client
opentelemetry-proto==1.30.0
    # via opentelemetry-exporter-otlp-proto-common
    # via opentelemetry-exporter-otlp-proto-grpc
    # via opentelemetry-exporter-otlp-proto-http
opentelemetry-sdk==1.30.0
    # via opentelemetry-exporter-otlp-proto-grpc
    # via opentelemetry-exporter-otlp-proto-http
    # via todo-client
opentelemetry-semantic-conventions==0.51b0
    # via opentelemetry-instrumentation
    # via opentelemetry-instrumentation-requests
    # via opentelemetry-sdk
opentelemetry-util-http==0.51b0
    # via opentelemetry-instrumentation-requests
packaging==24.2
    # via opentelemetry-instrumentation
protobuf==5.29.3
    # via googleapis-common-protos
    # via opentelemetry-proto
requests==2.32.3
    # via opentelemetry-exporter-otlp-proto-http
    # via todo-client
typing-extensions==4.12.2
    # via opentelemetry-sdk
urllib3==2.3.0
    # via requests
wrapt==1.17.2
    # via deprecated
    # via opentelemetry-instrumentation
zipp==3.21.0
    # via importlib-metadata
